
Microsoft Visual Studio Solution File, Format Version 12.00
# Visual Studio Version 16
VisualStudioVersion = 16.0.29613.14
MinimumVisualStudioVersion = 10.0.40219.1
Project("{FAE04EC0-301F-11D3-BF4B-00C04F79EFBC}") = "TicTacToe_Server", "TicTacToe_Server\TicTacToe_Server.csproj", "{BEAB5B66-DB15-44CC-B712-1176FFB239E5}"
EndProject
Project("{FAE04EC0-301F-11D3-BF4B-00C04F79EFBC}") = "TicTacToe_Client", "TicTacToe_Client\TicTacToe_Client.csproj", "{64DE88F5-5455-497F-AF3E-3202ECDD6D66}"
EndProject
Global
	GlobalSection(SolutionConfigurationPlatforms) = preSolution
		Debug|Any CPU = Debug|Any CPU
		Release|Any CPU = Release|Any CPU
	EndGlobalSection
	GlobalSection(ProjectConfigurationPlatforms) = postSolution
		{BEAB5B66-DB15-44CC-B712-1176FFB239E5}.Debug|Any CPU.ActiveCfg = Debug|Any CPU
		{BEAB5B66-DB15-44CC-B712-1176FFB239E5}.Debug|Any CPU.Build.0 = Debug|Any CPU
		{BEAB5B66-DB15-44CC-B712-1176FFB239E5}.Release|Any CPU.ActiveCfg = Release|Any CPU
		{BEAB5B66-DB15-44CC-B712-1176FFB239E5}.Release|Any CPU.Build.0 = Release|Any CPU
		{64DE88F5-5455-497F-AF3E-3202ECDD6D66}.Debug|Any CPU.ActiveCfg = Debug|Any CPU
		{64DE88F5-5455-497F-AF3E-3202ECDD6D66}.Debug|Any CPU.Build.0 = Debug|Any CPU
		{64DE88F5-5455-497F-AF3E-3202ECDD6D66}.Release|Any CPU.ActiveCfg = Release|Any CPU
		{64DE88F5-5455-497F-AF3E-3202ECDD6D66}.Release|Any CPU.Build.0 = Release|Any CPU
	EndGlobalSection
	GlobalSection(SolutionProperties) = preSolution
		HideSolutionNode = FALSE
	EndGlobalSection
	GlobalSection(ExtensibilityGlobals) = postSolution
		SolutionGuid = {C9D25EA9-22FC-4F5B-9707-1B4192FA8A45}
	EndGlobalSection
EndGlobal
